
Microsoft Visual Studio Solution File, Format Version 12.00
# Visual Studio Version 16
VisualStudioVersion = 16.0.32126.315
MinimumVisualStudioVersion = 10.0.40219.1
Project("{8BC9CEB8-8B4A-11D0-8D11-00A0C91BC942}") = "ATMSim", "ATMSim\ATMSim.vcxproj", "{879FA52D-DE66-4A8F-A92C-76612D3AB593}"
EndProject
Global
	GlobalSection(SolutionConfigurationPlatforms) = preSolution
		Debug|x64 = Debug|x64
		Debug|x86 = Debug|x86
		Release|x64 = Release|x64
		Release|x86 = Release|x86
	EndGlobalSection
	GlobalSection(ProjectConfigurationPlatforms) = postSolution
		{879FA52D-DE66-4A8F-A92C-76612D3AB593}.Debug|x64.ActiveCfg = Debug|x64
		{879FA52D-DE66-4A8F-A92C-76612D3AB593}.Debug|x64.Build.0 = Debug|x64
		{879FA52D-DE66-4A8F-A92C-76612D3AB593}.Debug|x86.ActiveCfg = Debug|Win32
		{879FA52D-DE66-4A8F-A92C-76612D3AB593}.Debug|x86.Build.0 = Debug|Win32
		{879FA52D-DE66-4A8F-A92C-76612D3AB593}.Release|x64.ActiveCfg = Release|x64
		{879FA52D-DE66-4A8F-A92C-76612D3AB593}.Release|x64.Build.0 = Release|x64
		{879FA52D-DE66-4A8F-A92C-76612D3AB593}.Release|x86.ActiveCfg = Release|Win32
		{879FA52D-DE66-4A8F-A92C-76612D3AB593}.Release|x86.Build.0 = Release|Win32
	EndGlobalSection
	GlobalSection(SolutionProperties) = preSolution
		HideSolutionNode = FALSE
	EndGlobalSection
	GlobalSection(ExtensibilityGlobals) = postSolution
		SolutionGuid = {B7DD2529-0130-4CC0-95D4-FD6E6F6994FC}
	EndGlobalSection
EndGlobal
